
Microsoft Visual Studio Solution File, Format Version 12.00
# Visual Studio Version 16
VisualStudioVersion = 16.0.30320.27
MinimumVisualStudioVersion = 10.0.40219.1
Project("{FAE04EC0-301F-11D3-BF4B-00C04F79EFBC}") = "testWork", "testWork\testWork.csproj", "{287ED08B-9108-46D5-BCAC-E64932F8FB6B}"
EndProject
Global
	GlobalSection(SolutionConfigurationPlatforms) = preSolution
		Debug|Any CPU = Debug|Any CPU
		Release|Any CPU = Release|Any CPU
	EndGlobalSection
	GlobalSection(ProjectConfigurationPlatforms) = postSolution
		{287ED08B-9108-46D5-BCAC-E64932F8FB6B}.Debug|Any CPU.ActiveCfg = Debug|Any CPU
		{287ED08B-9108-46D5-BCAC-E64932F8FB6B}.Debug|Any CPU.Build.0 = Debug|Any CPU
		{287ED08B-9108-46D5-BCAC-E64932F8FB6B}.Release|Any CPU.ActiveCfg = Release|Any CPU
		{287ED08B-9108-46D5-BCAC-E64932F8FB6B}.Release|Any CPU.Build.0 = Release|Any CPU
	EndGlobalSection
	GlobalSection(SolutionProperties) = preSolution
		HideSolutionNode = FALSE
	EndGlobalSection
	GlobalSection(ExtensibilityGlobals) = postSolution
		SolutionGuid = {9E1F06EC-7570-436B-AD06-B9577A16F545}
	EndGlobalSection
EndGlobal
